
Microsoft Visual Studio Solution File, Format Version 12.00
# Visual Studio Version 17
VisualStudioVersion = 17.3.32922.545
MinimumVisualStudioVersion = 10.0.40219.1
Project("{FAE04EC0-301F-11D3-BF4B-00C04F79EFBC}") = "BowlingKata1", "BowlingKata1\BowlingKata1.csproj", "{F51D51B8-144A-4185-BFEA-AEB9D1D660A3}"
EndProject
Project("{FAE04EC0-301F-11D3-BF4B-00C04F79EFBC}") = "TestProjectBowling", "TestProjectBowling\TestProjectBowling.csproj", "{3C031454-0004-452E-975E-B8AAD8E86D9A}"
EndProject
Global
	GlobalSection(SolutionConfigurationPlatforms) = preSolution
		Debug|Any CPU = Debug|Any CPU
		Release|Any CPU = Release|Any CPU
	EndGlobalSection
	GlobalSection(ProjectConfigurationPlatforms) = postSolution
		{F51D51B8-144A-4185-BFEA-AEB9D1D660A3}.Debug|Any CPU.ActiveCfg = Debug|Any CPU
		{F51D51B8-144A-4185-BFEA-AEB9D1D660A3}.Debug|Any CPU.Build.0 = Debug|Any CPU
		{F51D51B8-144A-4185-BFEA-AEB9D1D660A3}.Release|Any CPU.ActiveCfg = Release|Any CPU
		{F51D51B8-144A-4185-BFEA-AEB9D1D660A3}.Release|Any CPU.Build.0 = Release|Any CPU
		{3C031454-0004-452E-975E-B8AAD8E86D9A}.Debug|Any CPU.ActiveCfg = Debug|Any CPU
		{3C031454-0004-452E-975E-B8AAD8E86D9A}.Debug|Any CPU.Build.0 = Debug|Any CPU
		{3C031454-0004-452E-975E-B8AAD8E86D9A}.Release|Any CPU.ActiveCfg = Release|Any CPU
		{3C031454-0004-452E-975E-B8AAD8E86D9A}.Release|Any CPU.Build.0 = Release|Any CPU
	EndGlobalSection
	GlobalSection(SolutionProperties) = preSolution
		HideSolutionNode = FALSE
	EndGlobalSection
	GlobalSection(ExtensibilityGlobals) = postSolution
		SolutionGuid = {B447F1C1-5DFB-482F-8D44-4A916FB03600}
	EndGlobalSection
EndGlobal
